
Microsoft Visual Studio Solution File, Format Version 12.00
# Visual Studio Version 17
VisualStudioVersion = 17.1.32421.90
MinimumVisualStudioVersion = 10.0.40219.1
Project("{FAE04EC0-301F-11D3-BF4B-00C04F79EFBC}") = "E1.Server", "E1.Server\E1.Server.csproj", "{D1E6934C-7F36-4D94-BA46-D1F9D7DEC412}"
EndProject
Global
	GlobalSection(SolutionConfigurationPlatforms) = preSolution
		Debug|Any CPU = Debug|Any CPU
		Release|Any CPU = Release|Any CPU
	EndGlobalSection
	GlobalSection(ProjectConfigurationPlatforms) = postSolution
		{D1E6934C-7F36-4D94-BA46-D1F9D7DEC412}.Debug|Any CPU.ActiveCfg = Debug|Any CPU
		{D1E6934C-7F36-4D94-BA46-D1F9D7DEC412}.Debug|Any CPU.Build.0 = Debug|Any CPU
		{D1E6934C-7F36-4D94-BA46-D1F9D7DEC412}.Release|Any CPU.ActiveCfg = Release|Any CPU
		{D1E6934C-7F36-4D94-BA46-D1F9D7DEC412}.Release|Any CPU.Build.0 = Release|Any CPU
	EndGlobalSection
	GlobalSection(SolutionProperties) = preSolution
		HideSolutionNode = FALSE
	EndGlobalSection
	GlobalSection(ExtensibilityGlobals) = postSolution
		SolutionGuid = {9AB6B830-7D1E-420C-B95E-5685F40F2360}
	EndGlobalSection
EndGlobal
